
Microsoft Visual Studio Solution File, Format Version 12.00
# Visual Studio Version 17
VisualStudioVersion = 17.10.34607.79
MinimumVisualStudioVersion = 10.0.40219.1
Project("{FAE04EC0-301F-11D3-BF4B-00C04F79EFBC}") = "DotnetTask", "DotnetTask\DotnetTask.csproj", "{D6FAAF95-1703-4E8B-9DB6-F686C1BC4022}"
EndProject
Global
	GlobalSection(SolutionConfigurationPlatforms) = preSolution
		Debug|Any CPU = Debug|Any CPU
		Release|Any CPU = Release|Any CPU
	EndGlobalSection
	GlobalSection(ProjectConfigurationPlatforms) = postSolution
		{D6FAAF95-1703-4E8B-9DB6-F686C1BC4022}.Debug|Any CPU.ActiveCfg = Debug|Any CPU
		{D6FAAF95-1703-4E8B-9DB6-F686C1BC4022}.Debug|Any CPU.Build.0 = Debug|Any CPU
		{D6FAAF95-1703-4E8B-9DB6-F686C1BC4022}.Release|Any CPU.ActiveCfg = Release|Any CPU
		{D6FAAF95-1703-4E8B-9DB6-F686C1BC4022}.Release|Any CPU.Build.0 = Release|Any CPU
	EndGlobalSection
	GlobalSection(SolutionProperties) = preSolution
		HideSolutionNode = FALSE
	EndGlobalSection
	GlobalSection(ExtensibilityGlobals) = postSolution
		SolutionGuid = {E8B18370-AEC8-45BA-8324-A930C255A99F}
	EndGlobalSection
EndGlobal
